
Microsoft Visual Studio Solution File, Format Version 12.00
# Visual Studio Version 17
VisualStudioVersion = 17.8.34330.188
MinimumVisualStudioVersion = 10.0.40219.1
Project("{FAE04EC0-301F-11D3-BF4B-00C04F79EFBC}") = "RZAWebApp", "RZAWebApp\RZAWebApp.csproj", "{92793283-012C-48A5-9C06-5F0D4054BFFE}"
EndProject
Global
	GlobalSection(SolutionConfigurationPlatforms) = preSolution
		Debug|Any CPU = Debug|Any CPU
		Release|Any CPU = Release|Any CPU
	EndGlobalSection
	GlobalSection(ProjectConfigurationPlatforms) = postSolution
		{92793283-012C-48A5-9C06-5F0D4054BFFE}.Debug|Any CPU.ActiveCfg = Debug|Any CPU
		{92793283-012C-48A5-9C06-5F0D4054BFFE}.Debug|Any CPU.Build.0 = Debug|Any CPU
		{92793283-012C-48A5-9C06-5F0D4054BFFE}.Release|Any CPU.ActiveCfg = Release|Any CPU
		{92793283-012C-48A5-9C06-5F0D4054BFFE}.Release|Any CPU.Build.0 = Release|Any CPU
	EndGlobalSection
	GlobalSection(SolutionProperties) = preSolution
		HideSolutionNode = FALSE
	EndGlobalSection
	GlobalSection(ExtensibilityGlobals) = postSolution
		SolutionGuid = {E22FB154-C3E6-4E0C-A204-ADF042E817E7}
	EndGlobalSection
EndGlobal
